{
    "_meta": {
        "hash": {
            "sha256": "fe490d5e84b5607ed49e8f73eb7a2f4ee194465aa77e340ac290c54e657cc23f"
        },
        "pipfile-spec": 6,
        "requires": {
            "python_version": "3.6"
        },
        "sources": [
            {
                "name": "pypi",
                "url": "https://pypi.org/simple",
                "verify_ssl": true
            }
        ]
    },
    "default": {
        "asn1crypto": {
            "hashes": [
                "sha256:4bcdf33c861c7d40bdcd74d8e4dd7661aac320fcdf40b9a3f95b4ee12fde2fa8",
                "sha256:f4f6e119474e58e04a2b1af817eb585b4fd72bdd89b998624712b5c99be7641c"
            ],
            "version": "==1.4.0"
        },
        "boto3": {
            "hashes": [
                "sha256:a5001070a06d27cb98faa2750e3d750238fc542ea1a4a3b6d967041c221e280a",
                "sha256:a640fa93df967d603458b007d8e7f2557b79042e63ea730359c92d50a3ee020d"
            ],
            "index": "pypi",
            "version": "==1.9.10"
        },
        "botocore": {
            "hashes": [
                "sha256:3baf129118575602ada9926f5166d82d02273c250d0feb313fc270944b27c48b",
                "sha256:dc080aed4f9b220a9e916ca29ca97a9d37e8e1d296fe89cbaeef929bf0c8066b"
            ],
            "version": "==1.12.253"
        },
        "cachetools": {
            "hashes": [
                "sha256:513d4ff98dd27f85743a8dc0e92f55ddb1b49e060c2d5961512855cda2c01a98",
                "sha256:bbaa39c3dede00175df2dc2b03d0cf18dd2d32a7de7beb68072d13043c9edb20"
            ],
            "markers": "python_version ~= '3.5'",
            "version": "==4.1.1"
        },
        "certifi": {
            "hashes": [
                "sha256:5930595817496dd21bb8dc35dad090f1c2cd0adfaf21204bf6732ca5d8ee34d3",
                "sha256:8fc0819f1f30ba15bdb34cceffb9ef04d99f420f68eb75d901e9560b8749fc41"
            ],
            "version": "==2020.6.20"
        },
        "cffi": {
            "hashes": [
                "sha256:005f2bfe11b6745d726dbb07ace4d53f057de66e336ff92d61b8c7e9c8f4777d",
                "sha256:09e96138280241bd355cd585148dec04dbbedb4f46128f340d696eaafc82dd7b",
                "sha256:0b1ad452cc824665ddc682400b62c9e4f5b64736a2ba99110712fdee5f2505c4",
                "sha256:0ef488305fdce2580c8b2708f22d7785ae222d9825d3094ab073e22e93dfe51f",
                "sha256:15f351bed09897fbda218e4db5a3d5c06328862f6198d4fb385f3e14e19decb3",
                "sha256:22399ff4870fb4c7ef19fff6eeb20a8bbf15571913c181c78cb361024d574579",
                "sha256:23e5d2040367322824605bc29ae8ee9175200b92cb5483ac7d466927a9b3d537",
                "sha256:2791f68edc5749024b4722500e86303a10d342527e1e3bcac47f35fbd25b764e",
                "sha256:2f9674623ca39c9ebe38afa3da402e9326c245f0f5ceff0623dccdac15023e05",
                "sha256:3363e77a6176afb8823b6e06db78c46dbc4c7813b00a41300a4873b6ba63b171",
                "sha256:33c6cdc071ba5cd6d96769c8969a0531be2d08c2628a0143a10a7dcffa9719ca",
                "sha256:3b8eaf915ddc0709779889c472e553f0d3e8b7bdf62dab764c8921b09bf94522",
                "sha256:3cb3e1b9ec43256c4e0f8d2837267a70b0e1ca8c4f456685508ae6106b1f504c",
                "sha256:3eeeb0405fd145e714f7633a5173318bd88d8bbfc3dd0a5751f8c4f70ae629bc",
                "sha256:44f60519595eaca110f248e5017363d751b12782a6f2bd6a7041cba275215f5d",
                "sha256:4d7c26bfc1ea9f92084a1d75e11999e97b62d63128bcc90c3624d07813c52808",
                "sha256:529c4ed2e10437c205f38f3691a68be66c39197d01062618c55f74294a4a4828",
                "sha256:6642f15ad963b5092d65aed022d033c77763515fdc07095208f15d3563003869",
                "sha256:85ba797e1de5b48aa5a8427b6ba62cf69607c18c5d4eb747604b7302f1ec382d",
                "sha256:8f0f1e499e4000c4c347a124fa6a27d37608ced4fe9f7d45070563b7c4c370c9",
                "sha256:a624fae282e81ad2e4871bdb767e2c914d0539708c0f078b5b355258293c98b0",
                "sha256:b0358e6fefc74a16f745afa366acc89f979040e0cbc4eec55ab26ad1f6a9bfbc",
                "sha256:bbd2f4dfee1079f76943767fce837ade3087b578aeb9f69aec7857d5bf25db15",
                "sha256:bf39a9e19ce7298f1bd6a9758fa99707e9e5b1ebe5e90f2c3913a47bc548747c",
                "sha256:c11579638288e53fc94ad60022ff1b67865363e730ee41ad5e6f0a17188b327a",
                "sha256:c150eaa3dadbb2b5339675b88d4573c1be3cb6f2c33a6c83387e10cc0bf05bd3",
                "sha256:c53af463f4a40de78c58b8b2710ade243c81cbca641e34debf3396a9640d6ec1",
                "sha256:cb763ceceae04803adcc4e2d80d611ef201c73da32d8f2722e9d0ab0c7f10768",
                "sha256:cc75f58cdaf043fe6a7a6c04b3b5a0e694c6a9e24050967747251fb80d7bce0d",
                "sha256:d80998ed59176e8cba74028762fbd9b9153b9afc71ea118e63bbf5d4d0f9552b",
                "sha256:de31b5164d44ef4943db155b3e8e17929707cac1e5bd2f363e67a56e3af4af6e",
                "sha256:e66399cf0fc07de4dce4f588fc25bfe84a6d1285cc544e67987d22663393926d",
                "sha256:f0620511387790860b249b9241c2f13c3a80e21a73e0b861a2df24e9d6f56730",
                "sha256:f4eae045e6ab2bb54ca279733fe4eb85f1effda392666308250714e01907f394",
                "sha256:f92cdecb618e5fa4658aeb97d5eb3d2f47aa94ac6477c6daf0f306c5a3b9e6b1",
                "sha256:f92f789e4f9241cd262ad7a555ca2c648a98178a953af117ef7fad46aa1d5591"
            ],
            "version": "==1.14.3"
        },
        "chardet": {
            "hashes": [
                "sha256:84ab92ed1c4d4f16916e05906b6b75a6c0fb5db821cc65e70cbd64a3e2a5eaae",
                "sha256:fc323ffcaeaed0e0a02bf4d117757b98aed530d9ed4531e3e15460124c106691"
            ],
            "version": "==3.0.4"
        },
        "cookies": {
            "hashes": [
                "sha256:15bee753002dff684987b8df8c235288eb8d45f8191ae056254812dfd42c81d3",
                "sha256:d6b698788cae4cfa4e62ef8643a9ca332b79bd96cb314294b864ae8d7eb3ee8e"
            ],
            "version": "==2.2.1"
        },
        "cryptography": {
            "hashes": [
                "sha256:02602e1672b62e803e08617ec286041cc453e8d43f093a5f4162095506bc0beb",
                "sha256:10b48e848e1edb93c1d3b797c83c72b4c387ab0eb4330aaa26da8049a6cbede0",
                "sha256:17db09db9d7c5de130023657be42689d1a5f60502a14f6f745f6f65a6b8195c0",
                "sha256:227da3a896df1106b1a69b1e319dce218fa04395e8cc78be7e31ca94c21254bc",
                "sha256:2cbaa03ac677db6c821dac3f4cdfd1461a32d0615847eedbb0df54bb7802e1f7",
                "sha256:31db8febfc768e4b4bd826750a70c79c99ea423f4697d1dab764eb9f9f849519",
                "sha256:4a510d268e55e2e067715d728e4ca6cd26a8e9f1f3d174faf88e6f2cb6b6c395",
                "sha256:6a88d9004310a198c474d8a822ee96a6dd6c01efe66facdf17cb692512ae5bc0",
                "sha256:76936ec70a9b72eb8c58314c38c55a0336a2b36de0c7ee8fb874a4547cadbd39",
                "sha256:7e3b4aecc4040928efa8a7cdaf074e868af32c58ffc9bb77e7bf2c1a16783286",
                "sha256:8168bcb08403ef144ff1fb880d416f49e2728101d02aaadfe9645883222c0aa5",
                "sha256:8229ceb79a1792823d87779959184a1bf95768e9248c93ae9f97c7a2f60376a1",
                "sha256:8a19e9f2fe69f6a44a5c156968d9fc8df56d09798d0c6a34ccc373bb186cee86",
                "sha256:8d10113ca826a4c29d5b85b2c4e045ffa8bad74fb525ee0eceb1d38d4c70dfd6",
                "sha256:be495b8ec5a939a7605274b6e59fbc35e76f5ad814ae010eb679529671c9e119",
                "sha256:dc2d3f3b1548f4d11786616cf0f4415e25b0fbecb8a1d2cd8c07568f13fdde38",
                "sha256:e4aecdd9d5a3d06c337894c9a6e2961898d3f64fe54ca920a72234a3de0f9cb3",
                "sha256:e79ab4485b99eacb2166f3212218dd858258f374855e1568f728462b0e6ee0d9",
                "sha256:f995d3667301e1754c57b04e0bae6f0fa9d710697a9f8d6712e8cca02550910f"
            ],
            "index": "pypi",
            "version": "==2.3.1"
        },
        "django": {
            "hashes": [
                "sha256:014e3392058d94f40569206a24523ce254d55ad2f9f46c6550b0fe2e4f94cf3f",
                "sha256:4200aefb6678019a0acf0005cd14cfce3a5e6b9b90d06145fcdd2e474ad4329c"
            ],
            "index": "pypi",
            "version": "==1.11.29"
        },
        "django-annoying": {
            "hashes": [
                "sha256:93f54d244d453cba28d6cfb9deae7bba27e859762adee9ff7de4706017940931",
                "sha256:ee620f9bfe439061010c7d5ccc8c69514844d95c370c130c61938205fcfc4cc9"
            ],
            "index": "pypi",
            "version": "==0.10.4"
        },
        "djangorestframework": {
            "hashes": [
                "sha256:376f4b50340a46c15ae15ddd0c853085f4e66058f97e4dbe7d43ed62f5e60651",
                "sha256:c12869cfd83c33d579b17b3cb28a2ae7322a53c3ce85580c2a2ebe4e3f56c4fb"
            ],
            "index": "pypi",
            "version": "==3.9.4"
        },
        "docutils": {
            "hashes": [
                "sha256:6c4f696463b79f1fb8ba0c594b63840ebd41f059e92b31957c46b74a4599b6d0",
                "sha256:9e4d7ecfc600058e07ba661411a2b7de2fd0fafa17d1a7f7361cd47b1175c827",
                "sha256:a2aeea129088da402665e92e0b25b04b073c04b2dce4ab65caaa38b7ce2e1a99"
            ],
            "markers": "python_version >= '2.6' and python_version not in '3.0, 3.1, 3.2, 3.3'",
            "version": "==0.15.2"
        },
        "et3": {
            "hashes": [
                "sha256:8270f30f46fdb4b96562fc9aab8cc57e8a5c16eb09b1669fa955f02ff9c27497"
            ],
            "index": "pypi",
            "version": "==1.5.1"
        },
        "google-api-python-client": {
            "hashes": [
                "sha256:5d5cb02c6f3112c68eed51b74891a49c0e35263380672d662f8bfe85b8114d7c",
                "sha256:7cc47cf80b25ecd7f3d917ea247bb6c62587514e40604ae29c47c0e4ebd1174b"
            ],
            "index": "pypi",
            "version": "==1.7.4"
        },
        "google-auth": {
            "hashes": [
                "sha256:7084c50c03f7a8a5696ef4500e65df0c525a0f6909f3c70b9ee65900a230c755",
                "sha256:dcf86c5adc3a8a7659be190b12bb8912ae019cfd9ee2a571ea881e289fafbe39"
            ],
            "markers": "python_version >= '2.7' and python_version not in '3.0, 3.1, 3.2, 3.3'",
            "version": "==1.21.2"
        },
        "google-auth-httplib2": {
            "hashes": [
                "sha256:8d092cc60fb16517b12057ec0bba9185a96e3b7169d86ae12eae98e645b7bc39",
                "sha256:aeaff501738b289717fac1980db9711d77908a6c227f60e4aa1923410b43e2ee"
            ],
            "version": "==0.0.4"
        },
        "httplib2": {
            "hashes": [
                "sha256:8af66c1c52c7ffe1aa5dc4bcd7c769885254b0756e6e69f953c7f0ab49a70ba3",
                "sha256:ca2914b015b6247791c4866782fa6042f495b94401a0f0bd3e1d6e0ba2236782"
            ],
            "version": "==0.18.1"
        },
        "idna": {
            "hashes": [
                "sha256:156a6814fb5ac1fc6850fb002e0852d56c0c8d2531923a51032d1b70760e186e",
                "sha256:684a38a6f903c1d71d6d5fac066b58d7768af4de2b832e426ec79c30daa94a16"
            ],
            "version": "==2.7"
        },
        "jmespath": {
            "hashes": [
                "sha256:b85d0567b8666149a93172712e68920734333c0ce7e89b78b3e987f71e5ed4f9",
                "sha256:cdf6525904cc597730141d61b36f2e4b8ecc257c420fa2f4549bac2c2d0cb72f"
            ],
            "markers": "python_version >= '2.6' and python_version not in '3.0, 3.1, 3.2, 3.3'",
            "version": "==0.10.0"
        },
        "kids.cache": {
            "hashes": [
                "sha256:6630bead0d43ef700a8eb4729fdc09e8fbfeba7211a2563f4bd67e5659f97853",
                "sha256:685b30a8aea1d225d0490f73a54955213b36d794e8d332a93c1db3e46e1ef11d"
            ],
            "index": "pypi",
            "version": "==0.0.7"
        },
        "markdown": {
            "hashes": [
                "sha256:c00429bd503a47ec88d5e30a751e147dcb4c6889663cd3e2ba0afe858e009baa",
                "sha256:d02e0f9b04c500cde6637c11ad7c72671f359b87b9fe924b2383649d8841db7c"
            ],
            "index": "pypi",
            "version": "==3.0.1"
        },
        "newrelic": {
            "hashes": [
                "sha256:11602176bf27e808e836eddde9881b90769411f079c355cd7c2d5cc741f2540c",
                "sha256:1cb11ad3d43f95cd58909656b0f73f7d5232d02e885849baa633eed04d3e7683",
                "sha256:51096c2689241a09ca24ac4b79b502b75a9a66ddd7e9c8019773410d16f746a5",
                "sha256:559b63a381c4278d2c13cec4dfc75b01f7393306a316382e07367ed9b371cf26",
                "sha256:87a9cb10068379a8b4b74a7185718f6149e8379a277e7322488edd89195941a8",
                "sha256:9cde947a746c2f8ad8565edf5336ebadf9c9814b3585d0a580987abbbe754870",
                "sha256:b40e6d40447887a7ab187371aa72ba905b9d462b77afdd23160955c5bc070f5b",
                "sha256:c19e01fbf7626bb50f03601c47237cdeccf0493e286af2c6446267dba738a166",
                "sha256:c72ae969d0763cd711180ebedcdd169697eba8010d35465939070d00bfc86794",
                "sha256:dccf2c1880cb703441f628eca5454317f8eba154786f9a856d0c173dc704f167",
                "sha256:f02889e39b4a45d72c1e27c1d47f31d5fa2e6e86c63b405155e0de7c2d189644"
            ],
            "index": "pypi",
            "version": "==5.20.0.149"
        },
        "oauth2client": {
            "hashes": [
                "sha256:b8a81cc5d60e2d364f0b1b98f958dbd472887acaf1a5b05e21c28c31a2d6d3ac",
                "sha256:d486741e451287f69568a4d26d70d9acd73a2bbfa275746c535b4209891cccc6"
            ],
            "index": "pypi",
            "version": "==4.1.3"
        },
        "psycopg2": {
            "hashes": [
                "sha256:128d0fa910ada0157bba1cb74a9c5f92bb8a1dca77cf91a31eb274d1f889e001",
                "sha256:227fd46cf9b7255f07687e5bde454d7d67ae39ca77e170097cdef8ebfc30c323",
                "sha256:2315e7f104681d498ccf6fd70b0dba5bce65d60ac92171492bfe228e21dcc242",
                "sha256:4b5417dcd2999db0f5a891d54717cfaee33acc64f4772c4bc574d4ff95ed9d80",
                "sha256:640113ddc943522aaf71294e3f2d24013b0edd659b7820621492c9ebd3a2fb0b",
                "sha256:897a6e838319b4bf648a574afb6cabcb17d0488f8c7195100d48d872419f4457",
                "sha256:8dceca81409898c870e011c71179454962dec152a1a6b86a347f4be74b16d864",
                "sha256:b1b8e41da09a0c3ef0b3d4bb72da0dde2abebe583c1e8462973233fd5ad0235f",
                "sha256:cb407fccc12fc29dc331f2b934913405fa49b9b75af4f3a72d0f50f57ad2ca23",
                "sha256:d3a27550a8185e53b244ad7e79e307594b92fede8617d80200a8cce1fba2c60f",
                "sha256:f0e6b697a975d9d3ccd04135316c947dd82d841067c7800ccf622a8717e98df1"
            ],
            "index": "pypi",
            "version": "==2.8.3"
        },
        "pyasn1": {
            "hashes": [
                "sha256:014c0e9976956a08139dc0712ae195324a75e142284d5f87f1a87ee1b068a359",
                "sha256:03840c999ba71680a131cfaee6fab142e1ed9bbd9c693e285cc6aca0d555e576",
                "sha256:0458773cfe65b153891ac249bcf1b5f8f320b7c2ce462151f8fa74de8934becf",
                "sha256:08c3c53b75eaa48d71cf8c710312316392ed40899cb34710d092e96745a358b7",
                "sha256:39c7e2ec30515947ff4e87fb6f456dfc6e84857d34be479c9d4a4ba4bf46aa5d",
                "sha256:5c9414dcfede6e441f7e8f81b43b34e834731003427e5b09e4e00e3172a10f00",
                "sha256:6e7545f1a61025a4e58bb336952c5061697da694db1cae97b116e9c46abcf7c8",
                "sha256:78fa6da68ed2727915c4767bb386ab32cdba863caa7dbe473eaae45f9959da86",
                "sha256:7ab8a544af125fb704feadb008c99a88805126fb525280b2270bb25cc1d78a12",
                "sha256:99fcc3c8d804d1bc6d9a099921e39d827026409a58f2a720dcdb89374ea0c776",
                "sha256:aef77c9fb94a3ac588e87841208bdec464471d9871bd5050a287cc9a475cd0ba",
                "sha256:e89bf84b5437b532b0803ba5c9a5e054d21fec423a89952a74f87fa2c9b7bce2",
                "sha256:fec3e9d8e36808a28efb59b489e4528c10ad0f480e57dcc32b4de5c9d8c9fdf3"
            ],
            "version": "==0.4.8"
        },
        "pyasn1-modules": {
            "hashes": [
                "sha256:0845a5582f6a02bb3e1bde9ecfc4bfcae6ec3210dd270522fee602365430c3f8",
                "sha256:0fe1b68d1e486a1ed5473f1302bd991c1611d319bba158e98b106ff86e1d7199",
                "sha256:15b7c67fabc7fc240d87fb9aabf999cf82311a6d6fb2c70d00d3d0604878c811",
                "sha256:426edb7a5e8879f1ec54a1864f16b882c2837bfd06eee62f2c982315ee2473ed",
                "sha256:65cebbaffc913f4fe9e4808735c95ea22d7a7775646ab690518c056784bc21b4",
                "sha256:905f84c712230b2c592c19470d3ca8d552de726050d1d1716282a1f6146be65e",
                "sha256:a50b808ffeb97cb3601dd25981f6b016cbb3d31fbf57a8b8a87428e6158d0c74",
                "sha256:a99324196732f53093a84c4369c996713eb8c89d360a496b599fb1a9c47fc3eb",
                "sha256:b80486a6c77252ea3a3e9b1e360bc9cf28eaac41263d173c032581ad2f20fe45",
                "sha256:c29a5e5cc7a3f05926aff34e097e84f8589cd790ce0ed41b67aed6857b26aafd",
                "sha256:cbac4bc38d117f2a49aeedec4407d23e8866ea4ac27ff2cf7fb3e5b570df19e0",
                "sha256:f39edd8c4ecaa4556e989147ebf219227e2cd2e8a43c7e7fcb1f1c18c5fd6a3d",
                "sha256:fe0644d9ab041506b62782e92b06b8c68cca799e1a9636ec398675459e031405"
            ],
            "version": "==0.2.8"
        },
        "pycparser": {
            "hashes": [
                "sha256:2d475327684562c3a96cc71adf7dc8c4f0565175cf86b6d7a404ff4c771f15f0",
                "sha256:7582ad22678f0fcd81102833f60ef8d0e57288b6b5fb00323d101be910e35705"
            ],
            "markers": "python_version >= '2.7' and python_version not in '3.0, 3.1, 3.2, 3.3'",
            "version": "==2.20"
        },
        "pyopenssl": {
            "hashes": [
                "sha256:26ff56a6b5ecaf3a2a59f132681e2a80afcc76b4f902f612f518f92c2a1bf854",
                "sha256:6488f1423b00f73b7ad5167885312bb0ce410d3312eb212393795b53c8caa580"
            ],
            "index": "pypi",
            "version": "==18.0.0"
        },
        "python-dateutil": {
            "hashes": [
                "sha256:1adb80e7a782c12e52ef9a8182bebeb73f1d7e24e374397af06fb4956c8dc5c0",
                "sha256:e27001de32f627c22380a688bcc43ce83504a7bc5da472209b4c70f02829f0b8"
            ],
            "index": "pypi",
            "version": "==2.7.3"
        },
        "python-json-logger": {
            "hashes": [
                "sha256:a292e22c5e03105a05a746ade6209d43db1c4c763b91c75c8486e81d10904d85",
                "sha256:e3636824d35ba6a15fc39f573588cba63cf46322a5dc86fb2f280229077e9fbe"
            ],
            "index": "pypi",
            "version": "==0.1.9"
        },
        "pytz": {
            "hashes": [
                "sha256:a061aa0a9e06881eb8b3b2b43f05b9439d6583c206d0a6c340ff72a7b6669053",
                "sha256:ffb9ef1de172603304d9d2819af6f5ece76f2e85ec10692a524dd876e72bf277"
            ],
            "index": "pypi",
            "version": "==2018.5"
        },
        "pyyaml": {
            "hashes": [
                "sha256:1cbc199009e78f92d9edf554be4fe40fb7b0bef71ba688602a00e97a51909110",
                "sha256:254bf6fda2b7c651837acb2c718e213df29d531eebf00edb54743d10bcb694eb",
                "sha256:3108529b78577327d15eec243f0ff348a0640b0c3478d67ad7f5648f93bac3e2",
                "sha256:3c17fb92c8ba2f525e4b5f7941d850e7a48c3a59b32d331e2502a3cdc6648e76",
                "sha256:6f89b5c95e93945b597776163403d47af72d243f366bf4622ff08bdfd1c950b7",
                "sha256:8d6d96001aa7f0a6a4a95e8143225b5d06e41b1131044913fecb8f85a125714b",
                "sha256:be622cc81696e24d0836ba71f6272a2b5767669b0d79fdcf0295d51ac2e156c8",
                "sha256:c8a88edd93ee29ede719080b2be6cb2333dfee1dccba213b422a9c8e97f2967b",
                "sha256:f39411e380e2182ad33be039e8ee5770a5d9efe01a2bfb7ae58d9ba31c4a2a9d"
            ],
            "index": "pypi",
            "version": "==4.2b4"
        },
        "requests": {
            "hashes": [
                "sha256:99dcfdaaeb17caf6e526f32b6a7b780461512ab3f1d992187801694cba42770c",
                "sha256:a84b8c9ab6239b578f22d1c21d51b696dcfe004032bb80ea832398d6909d7279"
            ],
            "index": "pypi",
            "version": "==2.20.0"
        },
        "requests-cache": {
            "hashes": [
                "sha256:e9270030becc739b0a7f7f834234c73a878b2d794122bf76f40055a22419eb67",
                "sha256:fe561ca119879bbcfb51f03a35e35b425e18f338248e59fd5cf2166c77f457a2"
            ],
            "index": "pypi",
            "version": "==0.4.13"
        },
        "responses": {
            "hashes": [
                "sha256:c6082710f4abfb60793899ca5f21e7ceb25aabf321560cc0726f8b59006811c9",
                "sha256:f23a29dca18b815d9d64a516b4a0abb1fbdccff6141d988ad8100facb81cf7b3"
            ],
            "index": "pypi",
            "version": "==0.9.0"
        },
        "rsa": {
            "hashes": [
                "sha256:109ea5a66744dd859bf16fe904b8d8b627adafb9408753161e766a92e7d681fa",
                "sha256:6166864e23d6b5195a5cfed6cd9fed0fe774e226d8f854fcb23b7bbef0350233"
            ],
            "markers": "python_version >= '3.5'",
            "version": "==4.6"
        },
        "s3transfer": {
            "hashes": [
                "sha256:90dc18e028989c609146e241ea153250be451e05ecc0c2832565231dacdf59c1",
                "sha256:c7a9ec356982d5e9ab2d4b46391a7d6a950e2b04c472419f5fdec70cc0ada72f"
            ],
            "version": "==0.1.13"
        },
        "schema": {
            "hashes": [
                "sha256:d994b0dc4966000037b26898df638e3e2a694cc73636cb2050e652614a350687",
                "sha256:fa1a53fe5f3b6929725a4e81688c250f46838e25d8c1885a10a590c8c01a7b74"
            ],
            "index": "pypi",
            "version": "==0.6.8"
        },
        "six": {
            "hashes": [
                "sha256:30639c035cdb23534cd4aa2dd52c3bf48f06e5f4a941509c8bafd8ce11080259",
                "sha256:8b74bedcbbbaca38ff6d7491d76f2b06b3592611af620f8426e82dddb04a5ced"
            ],
            "markers": "python_version >= '2.7' and python_version not in '3.0, 3.1, 3.2, 3.3'",
            "version": "==1.15.0"
        },
        "sqlparse": {
            "hashes": [
                "sha256:ce028444cfab83be538752a2ffdb56bc417b7784ff35bb9a3062413717807dec",
                "sha256:d9cf190f51cbb26da0412247dfe4fb5f4098edb73db84e02f9fc21fdca31fed4"
            ],
            "index": "pypi",
            "version": "==0.2.4"
        },
        "unittest-xml-reporting": {
            "hashes": [
                "sha256:2a4277894ba8b311bc9aed9fed8a7f7690c81d390666fadd4e3e46a66489c016",
                "sha256:3ba27af788bddb4403ee72561bfd3df2deb27a926a5426aa9beeb354c59b9c44"
            ],
            "index": "pypi",
            "version": "==2.2.0"
        },
        "uritemplate": {
            "hashes": [
                "sha256:07620c3f3f8eed1f12600845892b0e036a2420acf513c53f7de0abd911a5894f",
                "sha256:5af8ad10cec94f215e3f48112de2022e1d5a37ed427fbd88652fa908f2ab7cae"
            ],
            "markers": "python_version >= '2.7' and python_version not in '3.0, 3.1, 3.2, 3.3'",
            "version": "==3.0.1"
        },
        "urllib3": {
            "hashes": [
                "sha256:2393a695cd12afedd0dcb26fe5d50d0cf248e5a66f75dbd89a3d4eb333a61af4",
                "sha256:a637e5fae88995b256e3409dc4d52c2e2e0ba32c42a6365fee8bbd2238de3cfb"
            ],
            "markers": "python_version >= '3.4'",
            "version": "==1.24.3"
        },
        "uwsgi": {
            "hashes": [
                "sha256:faa85e053c0b1be4d5585b0858d3a511d2cd10201802e8676060fd0a109e5869"
            ],
            "index": "pypi",
            "version": "==2.0.19.1"
        }
    },
    "develop": {
        "astroid": {
            "hashes": [
                "sha256:2f4078c2a41bf377eea06d71c9d2ba4eb8f6b1af2135bec27bbbb7d8f12bb703",
                "sha256:bc58d83eb610252fd8de6363e39d4f1d0619c894b0ed24603b881c02e64c7386"
            ],
            "markers": "python_version >= '3.5'",
            "version": "==2.4.2"
        },
        "autopep8": {
            "hashes": [
                "sha256:2284d4ae2052fedb9f466c09728e30d2e231cfded5ffd7b1a20c34123fdc4ba4"
            ],
            "index": "pypi",
            "version": "==1.3.5"
        },
        "colorama": {
            "hashes": [
                "sha256:7d73d2a99753107a36ac6b455ee49046802e59d9d076ef8e47b61499fa29afff",
                "sha256:e96da0d330793e2cb9485e9ddfd918d456036c7149416295932478192f4436a1"
            ],
            "markers": "python_version >= '2.7' and python_version not in '3.0, 3.1, 3.2, 3.3, 3.4'",
            "version": "==0.4.3"
        },
        "coverage": {
            "hashes": [
                "sha256:05adfd7b9058026377b65af69f14abd8f74c8df99651aafc1b63a252864ebd22",
                "sha256:0dcf381f51f589f1f797449602a7fe4e63be8a7963c259c13742af3f30be902e",
                "sha256:11a4bb30306def2fa012e3429de44a93ef2ae3b6ad3f6b800f6c578658a5c402",
                "sha256:166c957a38b034050a14201f64eec11fc95e17bf2ba31fc07d887db82bae1a47",
                "sha256:184e6680f85fcc1b371f67ab732290ecf96a225448198e14ec170986db47b0aa",
                "sha256:1904deb72c561a8e445feb190db07ca4b165ee85567894b4b85fdb9bf21a27c0",
                "sha256:1f2003b83426cfaadebff8b9bb1fb3650134a15fda3a81434cc8415896d7a7bc",
                "sha256:1f462997b1804f8b5d1ee2b262626fc76b746e66023eb64f529af35991167c7c",
                "sha256:213697f49eba45b5fb05e77f63bdb7c0d13eed12dcd08e6af43224615b28b524",
                "sha256:245a5bde6f777dc6a2e797c2d9cf997e35508ed02bb87105fec4f65550737d3b",
                "sha256:2557da232b0daeb55afe2f7e55f7b80c56bfa2981864c6638b32b5691da9f4c3",
                "sha256:395a8525f1456439a5d6c248bc1397040491047e3e0e0c4ceb2059155419cd3b",
                "sha256:43d6334b35e50e74d034ec075ffd9082c559bca624924af6c7e9d2b8aef0f362",
                "sha256:4566c74bde36aaaef0372fb11678edf43dcc73f4eb8dbb6987250658c4a3b95a",
                "sha256:4946ee7df3b2223d6be40a3531a869e714abf1f159047ba5d0372e69a79e5d13",
                "sha256:5305bc1d8571d1162b9c843229806e4f4ac6da6eeb94dc4a06cae7616854d569",
                "sha256:6d39cc527c9c7a30f20bed14b5cf9a7e87ef1f3528c1847d1c81caf75a31ebb6",
                "sha256:8bd69d3cba21d885df6fe8728cee779a722da08cf84072558956c148b5ab61e5",
                "sha256:95a0f6d78b898865b83d0027ffcff4e8f0b1b7323515f21be4b8be2824b698e3",
                "sha256:a1d0fcbbe0735eb66c6622266b12e60ea8d37ada405cb8f73b154c5eec467187",
                "sha256:ab706bfbb365f232be01a536a9199ee6bfc80c9b63fb7825fdd5f4ae5cc2a12c",
                "sha256:ade570b15380d2752dea759e98aa36be73ea7710703fbd71e070602edd0bf774",
                "sha256:afbf4cee68d2f2968b06951cf16c0b18513eb59bb3af0685084de6cacb04e217",
                "sha256:bbc8913cd5889df7eab597a4b4074a2c6c5ee6ca9aad58a9ba0f3f847b1a99df",
                "sha256:bd5428ab378a7432e43afa52b6bb9c5d48f5029f395a97dc9ebf87fc0f2a9d8b",
                "sha256:c3efe0185583443e04f8519818f4772d92fbbdf5f9fa23165f2f2482b20efc37",
                "sha256:d40277e918da575d008e2955a0ca6600f870bdb3570b07ee3a754ea9301862e7",
                "sha256:d4b6ec6951e20ea3f5d1fefe35b4bcbf692d4306f1b932c28dd2ee4cb167152c",
                "sha256:d5837e813ad62c856bc80f988c4e24e0d2b7b22a8a1dad8c1cfcb8ff4d4750a8",
                "sha256:d9583ae0e152c5fb0142cb55c3a11e1b13006c00d0c3e8b35ccc2d4ebfc6645e",
                "sha256:de5d5284e410957dd99799a59707ed3dd3c462adb9e116abc8abb8177b87b087",
                "sha256:e27380cbe4088a1df514e75aa4fe6dc9e98bbd7902cf28ab16e8b2de0f8cb344",
                "sha256:e624daef32f8808296312e72190c7e576852cb75c27935b31c1bbbde14ab353c",
                "sha256:ef4278e5ac1e47c731ec5e3e48351721e01d2eb4fefa9b97fcdba7495a82cfad",
                "sha256:fd1da071003e2d16947262af1adeb39a8d592c198f1c670b0e898f3c944944ac"
            ],
            "index": "pypi",
            "version": "==5.0a2"
        },
        "green": {
            "hashes": [
                "sha256:4c0c163bd2ce2da1f201eb69fd92fc24aaeab884f9e5c5a8c23d507a53336fa8"
            ],
            "index": "pypi",
            "version": "==2.12.1"
        },
        "isort": {
            "hashes": [
                "sha256:6187a9f1ce8784cbc6d1b88790a43e6083a6302f03e9ae482acc0f232a98c843",
                "sha256:c16eaa7432a1c004c585d79b12ad080c6c421dd18fe27982ca11f95e6898e432"
            ],
            "markers": "python_version >= '3.6' and python_version < '4.0'",
            "version": "==5.5.3"
        },
        "lazy-object-proxy": {
            "hashes": [
                "sha256:0c4b206227a8097f05c4dbdd323c50edf81f15db3b8dc064d08c62d37e1a504d",
                "sha256:194d092e6f246b906e8f70884e620e459fc54db3259e60cf69a4d66c3fda3449",
                "sha256:1be7e4c9f96948003609aa6c974ae59830a6baecc5376c25c92d7d697e684c08",
                "sha256:4677f594e474c91da97f489fea5b7daa17b5517190899cf213697e48d3902f5a",
                "sha256:48dab84ebd4831077b150572aec802f303117c8cc5c871e182447281ebf3ac50",
                "sha256:5541cada25cd173702dbd99f8e22434105456314462326f06dba3e180f203dfd",
                "sha256:59f79fef100b09564bc2df42ea2d8d21a64fdcda64979c0fa3db7bdaabaf6239",
                "sha256:8d859b89baf8ef7f8bc6b00aa20316483d67f0b1cbf422f5b4dc56701c8f2ffb",
                "sha256:9254f4358b9b541e3441b007a0ea0764b9d056afdeafc1a5569eee1cc6c1b9ea",
                "sha256:9651375199045a358eb6741df3e02a651e0330be090b3bc79f6d0de31a80ec3e",
                "sha256:97bb5884f6f1cdce0099f86b907aa41c970c3c672ac8b9c8352789e103cf3156",
                "sha256:9b15f3f4c0f35727d3a0fba4b770b3c4ebbb1fa907dbcc046a1d2799f3edd142",
                "sha256:a2238e9d1bb71a56cd710611a1614d1194dc10a175c1e08d75e1a7bcc250d442",
                "sha256:a6ae12d08c0bf9909ce12385803a543bfe99b95fe01e752536a60af2b7797c62",
                "sha256:ca0a928a3ddbc5725be2dd1cf895ec0a254798915fb3a36af0964a0a4149e3db",
                "sha256:cb2c7c57005a6804ab66f106ceb8482da55f5314b7fcb06551db1edae4ad1531",
                "sha256:d74bb8693bf9cf75ac3b47a54d716bbb1a92648d5f781fc799347cfc95952383",
                "sha256:d945239a5639b3ff35b70a88c5f2f491913eb94871780ebfabb2568bd58afc5a",
                "sha256:eba7011090323c1dadf18b3b689845fd96a61ba0a1dfbd7f24b921398affc357",
                "sha256:efa1909120ce98bbb3777e8b6f92237f5d5c8ea6758efea36a473e1d38f7d3e4",
                "sha256:f3900e8a5de27447acbf900b4750b0ddfd7ec1ea7fbaf11dfa911141bc522af0"
            ],
            "markers": "python_version >= '2.7' and python_version not in '3.0, 3.1, 3.2, 3.3'",
            "version": "==1.4.3"
        },
        "mccabe": {
            "hashes": [
                "sha256:ab8a6258860da4b6677da4bd2fe5dc2c659cff31b3ee4f7f5d64e79735b80d42",
                "sha256:dd8d182285a0fe56bace7f45b5e7d1a6ebcbf524e8f3bd87eb0f125271b8831f"
            ],
            "version": "==0.6.1"
        },
        "pycodestyle": {
            "hashes": [
                "sha256:2295e7b2f6b5bd100585ebcb1f616591b652db8a741695b3d8f5d28bdc934367",
                "sha256:c58a7d2815e0e8d7972bf1803331fb0152f867bd89adf8a01dfd55085434192e"
            ],
            "markers": "python_version >= '2.7' and python_version not in '3.0, 3.1, 3.2, 3.3'",
            "version": "==2.6.0"
        },
        "pyflakes": {
            "hashes": [
                "sha256:0d94e0e05a19e57a99444b6ddcf9a6eb2e5c68d3ca1e98e90707af8152c90a92",
                "sha256:35b2d75ee967ea93b55750aa9edbbf72813e06a66ba54438df2cfac9e3c27fc8"
            ],
            "index": "pypi",
            "version": "==2.2.0"
        },
        "pylint": {
            "hashes": [
                "sha256:bb4a908c9dadbc3aac18860550e870f58e1a02c9f2c204fdf5693d73be061210",
                "sha256:bfe68f020f8a0fece830a22dd4d5dddb4ecc6137db04face4c3420a46a52239f"
            ],
            "index": "pypi",
            "version": "==2.6.0"
        },
        "pylint-django": {
            "hashes": [
                "sha256:770e0c55fb054c6378e1e8bb3fe22c7032a2c38ba1d1f454206ee9c6591822d7",
                "sha256:b8dcb6006ae9fa911810aba3bec047b9410b7d528f89d5aca2506b03c9235a49"
            ],
            "index": "pypi",
            "version": "==2.3.0"
        },
        "pylint-plugin-utils": {
            "hashes": [
                "sha256:2f30510e1c46edf268d3a195b2849bd98a1b9433229bb2ba63b8d776e1fc4d0a",
                "sha256:57625dcca20140f43731311cd8fd879318bf45a8b0fd17020717a8781714a25a"
            ],
            "version": "==0.6"
        },
        "six": {
            "hashes": [
                "sha256:30639c035cdb23534cd4aa2dd52c3bf48f06e5f4a941509c8bafd8ce11080259",
                "sha256:8b74bedcbbbaca38ff6d7491d76f2b06b3592611af620f8426e82dddb04a5ced"
            ],
            "markers": "python_version >= '2.7' and python_version not in '3.0, 3.1, 3.2, 3.3'",
            "version": "==1.15.0"
        },
        "termstyle": {
            "hashes": [
                "sha256:ef74b83698ea014112040cf32b1a093c1ab3d91c4dd18ecc03ec178fd99c9f9f"
            ],
            "version": "==0.1.11"
        },
        "toml": {
            "hashes": [
                "sha256:926b612be1e5ce0634a2ca03470f95169cf16f939018233a670519cb4ac58b0f",
                "sha256:bda89d5935c2eac546d648028b9901107a595863cb36bae0c73ac804a9b4ce88"
            ],
            "version": "==0.10.1"
        },
        "typed-ast": {
            "hashes": [
                "sha256:0666aa36131496aed8f7be0410ff974562ab7eeac11ef351def9ea6fa28f6355",
                "sha256:0c2c07682d61a629b68433afb159376e24e5b2fd4641d35424e462169c0a7919",
                "sha256:249862707802d40f7f29f6e1aad8d84b5aa9e44552d2cc17384b209f091276aa",
                "sha256:24995c843eb0ad11a4527b026b4dde3da70e1f2d8806c99b7b4a7cf491612652",
                "sha256:269151951236b0f9a6f04015a9004084a5ab0d5f19b57de779f908621e7d8b75",
                "sha256:4083861b0aa07990b619bd7ddc365eb7fa4b817e99cf5f8d9cf21a42780f6e01",
                "sha256:498b0f36cc7054c1fead3d7fc59d2150f4d5c6c56ba7fb150c013fbc683a8d2d",
                "sha256:4e3e5da80ccbebfff202a67bf900d081906c358ccc3d5e3c8aea42fdfdfd51c1",
                "sha256:6daac9731f172c2a22ade6ed0c00197ee7cc1221aa84cfdf9c31defeb059a907",
                "sha256:715ff2f2df46121071622063fc7543d9b1fd19ebfc4f5c8895af64a77a8c852c",
                "sha256:73d785a950fc82dd2a25897d525d003f6378d1cb23ab305578394694202a58c3",
                "sha256:8c8aaad94455178e3187ab22c8b01a3837f8ee50e09cf31f1ba129eb293ec30b",
                "sha256:8ce678dbaf790dbdb3eba24056d5364fb45944f33553dd5869b7580cdbb83614",
                "sha256:aaee9905aee35ba5905cfb3c62f3e83b3bec7b39413f0a7f19be4e547ea01ebb",
                "sha256:bcd3b13b56ea479b3650b82cabd6b5343a625b0ced5429e4ccad28a8973f301b",
                "sha256:c9e348e02e4d2b4a8b2eedb48210430658df6951fa484e59de33ff773fbd4b41",
                "sha256:d205b1b46085271b4e15f670058ce182bd1199e56b317bf2ec004b6a44f911f6",
                "sha256:d43943ef777f9a1c42bf4e552ba23ac77a6351de620aa9acf64ad54933ad4d34",
                "sha256:d5d33e9e7af3b34a40dc05f498939f0ebf187f07c385fd58d591c533ad8562fe",
                "sha256:fc0fea399acb12edbf8a628ba8d2312f583bdbdb3335635db062fa98cf71fca4",
                "sha256:fe460b922ec15dd205595c9b5b99e2f056fd98ae8f9f56b888e7a17dc2b757e7"
            ],
            "markers": "python_version < '3.8' and implementation_name == 'cpython'",
            "version": "==1.4.1"
        },
        "unidecode": {
            "hashes": [
                "sha256:1d7a042116536098d05d599ef2b8616759f02985c85b4fef50c78a5aaf10822a",
                "sha256:2b6aab710c2a1647e928e36d69c21e76b453cd455f4e2621000e54b2a9b8cce8"
            ],
            "version": "==1.1.1"
        },
        "wrapt": {
            "hashes": [
                "sha256:b62ffa81fb85f4332a4f609cab4ac40709470da05643a082ec1eb88e6d9b97d7"
            ],
            "version": "==1.12.1"
        }
    }
}
